// !$*UTF8*$!
{
	archiveVersion = 1;
	classes = {
	};
	objectVersion = 50;
	objects = {

/* Begin PBXBuildFile section */
		EE45EB0D248923D700D805C7 /* AppDelegate.swift in Sources */ = {isa = PBXBuildFile; fileRef = EE45EB0C248923D700D805C7 /* AppDelegate.swift */; };
		EE45EB0F248923D700D805C7 /* SceneDelegate.swift in Sources */ = {isa = PBXBuildFile; fileRef = EE45EB0E248923D700D805C7 /* SceneDelegate.swift */; };
		EE45EB11248923D700D805C7 /* ContentView.swift in Sources */ = {isa = PBXBuildFile; fileRef = EE45EB10248923D700D805C7 /* ContentView.swift */; };
		EE45EB13248923D900D805C7 /* Assets.xcassets in Resources */ = {isa = PBXBuildFile; fileRef = EE45EB12248923D900D805C7 /* Assets.xcassets */; };
		EE45EB16248923D900D805C7 /* Preview Assets.xcassets in Resources */ = {isa = PBXBuildFile; fileRef = EE45EB15248923D900D805C7 /* Preview Assets.xcassets */; };
		EE45EB19248923D900D805C7 /* LaunchScreen.storyboard in Resources */ = {isa = PBXBuildFile; fileRef = EE45EB17248923D900D805C7 /* LaunchScreen.storyboard */; };
		EE45EB2424892EBA00D805C7 /* AvacadosView.swift in Sources */ = {isa = PBXBuildFile; fileRef = EE45EB2324892EBA00D805C7 /* AvacadosView.swift */; };
		EE45EB2624892EDC00D805C7 /* RipeningStagesView.swift in Sources */ = {isa = PBXBuildFile; fileRef = EE45EB2524892EDC00D805C7 /* RipeningStagesView.swift */; };
		EE45EB2824892EFA00D805C7 /* SettingsView.swift in Sources */ = {isa = PBXBuildFile; fileRef = EE45EB2724892EFA00D805C7 /* SettingsView.swift */; };
		EE45EB2A24892F3D00D805C7 /* AppView.swift in Sources */ = {isa = PBXBuildFile; fileRef = EE45EB2924892F3D00D805C7 /* AppView.swift */; };
		EEED99E22489527D0030E917 /* HeaderView.swift in Sources */ = {isa = PBXBuildFile; fileRef = EEED99E12489527D0030E917 /* HeaderView.swift */; };
		EEED99E424895A3A0030E917 /* HeaderModel.swift in Sources */ = {isa = PBXBuildFile; fileRef = EEED99E324895A3A0030E917 /* HeaderModel.swift */; };
		EEED99E624895AAA0030E917 /* HeaderData.swift in Sources */ = {isa = PBXBuildFile; fileRef = EEED99E524895AAA0030E917 /* HeaderData.swift */; };
		EEED99E8248972C30030E917 /* DishesView.swift in Sources */ = {isa = PBXBuildFile; fileRef = EEED99E7248972C30030E917 /* DishesView.swift */; };
		EEED99EA24897C9B0030E917 /* FactsView.swift in Sources */ = {isa = PBXBuildFile; fileRef = EEED99E924897C9B0030E917 /* FactsView.swift */; };
		EEED99EC248982920030E917 /* FactModel.swift in Sources */ = {isa = PBXBuildFile; fileRef = EEED99EB248982920030E917 /* FactModel.swift */; };
		EEED99EE248983120030E917 /* FactData.swift in Sources */ = {isa = PBXBuildFile; fileRef = EEED99ED248983120030E917 /* FactData.swift */; };
		EEED99F0248A1AAB0030E917 /* RecipeModel.swift in Sources */ = {isa = PBXBuildFile; fileRef = EEED99EF248A1AAB0030E917 /* RecipeModel.swift */; };
		EEED99F2248A1B370030E917 /* RecipeData.swift in Sources */ = {isa = PBXBuildFile; fileRef = EEED99F1248A1B370030E917 /* RecipeData.swift */; };
		EEED99F4248A1C010030E917 /* RecipeCardView.swift in Sources */ = {isa = PBXBuildFile; fileRef = EEED99F3248A1C010030E917 /* RecipeCardView.swift */; };
		EEED99F6248A27960030E917 /* RecipeRatingView.swift in Sources */ = {isa = PBXBuildFile; fileRef = EEED99F5248A27960030E917 /* RecipeRatingView.swift */; };
		EEED99F8248A280C0030E917 /* RecipeCookingView.swift in Sources */ = {isa = PBXBuildFile; fileRef = EEED99F7248A280C0030E917 /* RecipeCookingView.swift */; };
		EEED99FA248A294F0030E917 /* RecipeDetailView.swift in Sources */ = {isa = PBXBuildFile; fileRef = EEED99F9248A294F0030E917 /* RecipeDetailView.swift */; };
		EEED99FC248A44F90030E917 /* RipeningView.swift in Sources */ = {isa = PBXBuildFile; fileRef = EEED99FB248A44F90030E917 /* RipeningView.swift */; };
		EEED99FE248A6B0B0030E917 /* RipeningModel.swift in Sources */ = {isa = PBXBuildFile; fileRef = EEED99FD248A6B0B0030E917 /* RipeningModel.swift */; };
		EEED9A00248A6B730030E917 /* RipeningData.swift in Sources */ = {isa = PBXBuildFile; fileRef = EEED99FF248A6B730030E917 /* RipeningData.swift */; };
/* End PBXBuildFile section */

/* Begin PBXFileReference section */
		EE45EB09248923D700D805C7 /* AvacadoApp.app */ = {isa = PBXFileReference; explicitFileType = wrapper.application; includeInIndex = 0; path = AvacadoApp.app; sourceTree = BUILT_PRODUCTS_DIR; };
		EE45EB0C248923D700D805C7 /* AppDelegate.swift */ = {isa = PBXFileReference; lastKnownFileType = sourcecode.swift; path = AppDelegate.swift; sourceTree = "<group>"; };
		EE45EB0E248923D700D805C7 /* SceneDelegate.swift */ = {isa = PBXFileReference; lastKnownFileType = sourcecode.swift; path = SceneDelegate.swift; sourceTree = "<group>"; };
		EE45EB10248923D700D805C7 /* ContentView.swift */ = {isa = PBXFileReference; lastKnownFileType = sourcecode.swift; path = ContentView.swift; sourceTree = "<group>"; };
		EE45EB12248923D900D805C7 /* Assets.xcassets */ = {isa = PBXFileReference; lastKnownFileType = folder.assetcatalog; path = Assets.xcassets; sourceTree = "<group>"; };
		EE45EB15248923D900D805C7 /* Preview Assets.xcassets */ = {isa = PBXFileReference; lastKnownFileType = folder.assetcatalog; path = "Preview Assets.xcassets"; sourceTree = "<group>"; };
		EE45EB18248923D900D805C7 /* Base */ = {isa = PBXFileReference; lastKnownFileType = file.storyboard; name = Base; path = Base.lproj/LaunchScreen.storyboard; sourceTree = "<group>"; };
		EE45EB1A248923D900D805C7 /* Info.plist */ = {isa = PBXFileReference; lastKnownFileType = text.plist.xml; path = Info.plist; sourceTree = "<group>"; };
		EE45EB2324892EBA00D805C7 /* AvacadosView.swift */ = {isa = PBXFileReference; lastKnownFileType = sourcecode.swift; path = AvacadosView.swift; sourceTree = "<group>"; };
		EE45EB2524892EDC00D805C7 /* RipeningStagesView.swift */ = {isa = PBXFileReference; lastKnownFileType = sourcecode.swift; path = RipeningStagesView.swift; sourceTree = "<group>"; };
		EE45EB2724892EFA00D805C7 /* SettingsView.swift */ = {isa = PBXFileReference; lastKnownFileType = sourcecode.swift; path = SettingsView.swift; sourceTree = "<group>"; };
		EE45EB2924892F3D00D805C7 /* AppView.swift */ = {isa = PBXFileReference; lastKnownFileType = sourcecode.swift; path = AppView.swift; sourceTree = "<group>"; };
		EEED99E12489527D0030E917 /* HeaderView.swift */ = {isa = PBXFileReference; lastKnownFileType = sourcecode.swift; path = HeaderView.swift; sourceTree = "<group>"; };
		EEED99E324895A3A0030E917 /* HeaderModel.swift */ = {isa = PBXFileReference; lastKnownFileType = sourcecode.swift; path = HeaderModel.swift; sourceTree = "<group>"; };
		EEED99E524895AAA0030E917 /* HeaderData.swift */ = {isa = PBXFileReference; lastKnownFileType = sourcecode.swift; path = HeaderData.swift; sourceTree = "<group>"; };
		EEED99E7248972C30030E917 /* DishesView.swift */ = {isa = PBXFileReference; lastKnownFileType = sourcecode.swift; path = DishesView.swift; sourceTree = "<group>"; };
		EEED99E924897C9B0030E917 /* FactsView.swift */ = {isa = PBXFileReference; lastKnownFileType = sourcecode.swift; path = FactsView.swift; sourceTree = "<group>"; };
		EEED99EB248982920030E917 /* FactModel.swift */ = {isa = PBXFileReference; lastKnownFileType = sourcecode.swift; path = FactModel.swift; sourceTree = "<group>"; };
		EEED99ED248983120030E917 /* FactData.swift */ = {isa = PBXFileReference; lastKnownFileType = sourcecode.swift; path = FactData.swift; sourceTree = "<group>"; };
		EEED99EF248A1AAB0030E917 /* RecipeModel.swift */ = {isa = PBXFileReference; lastKnownFileType = sourcecode.swift; path = RecipeModel.swift; sourceTree = "<group>"; };
		EEED99F1248A1B370030E917 /* RecipeData.swift */ = {isa = PBXFileReference; lastKnownFileType = sourcecode.swift; path = RecipeData.swift; sourceTree = "<group>"; };
		EEED99F3248A1C010030E917 /* RecipeCardView.swift */ = {isa = PBXFileReference; lastKnownFileType = sourcecode.swift; path = RecipeCardView.swift; sourceTree = "<group>"; };
		EEED99F5248A27960030E917 /* RecipeRatingView.swift */ = {isa = PBXFileReference; lastKnownFileType = sourcecode.swift; path = RecipeRatingView.swift; sourceTree = "<group>"; };
		EEED99F7248A280C0030E917 /* RecipeCookingView.swift */ = {isa = PBXFileReference; lastKnownFileType = sourcecode.swift; path = RecipeCookingView.swift; sourceTree = "<group>"; };
		EEED99F9248A294F0030E917 /* RecipeDetailView.swift */ = {isa = PBXFileReference; lastKnownFileType = sourcecode.swift; path = RecipeDetailView.swift; sourceTree = "<group>"; };
		EEED99FB248A44F90030E917 /* RipeningView.swift */ = {isa = PBXFileReference; lastKnownFileType = sourcecode.swift; path = RipeningView.swift; sourceTree = "<group>"; };
		EEED99FD248A6B0B0030E917 /* RipeningModel.swift */ = {isa = PBXFileReference; lastKnownFileType = sourcecode.swift; path = RipeningModel.swift; sourceTree = "<group>"; };
		EEED99FF248A6B730030E917 /* RipeningData.swift */ = {isa = PBXFileReference; lastKnownFileType = sourcecode.swift; path = RipeningData.swift; sourceTree = "<group>"; };
/* End PBXFileReference section */

/* Begin PBXFrameworksBuildPhase section */
		EE45EB06248923D700D805C7 /* Frameworks */ = {
			isa = PBXFrameworksBuildPhase;
			buildActionMask = 2147483647;
			files = (
			);
			runOnlyForDeploymentPostprocessing = 0;
		};
/* End PBXFrameworksBuildPhase section */

/* Begin PBXGroup section */
		EE45EB00248923D700D805C7 = {
			isa = PBXGroup;
			children = (
				EE45EB0B248923D700D805C7 /* AvacadoApp */,
				EE45EB0A248923D700D805C7 /* Products */,
			);
			sourceTree = "<group>";
		};
		EE45EB0A248923D700D805C7 /* Products */ = {
			isa = PBXGroup;
			children = (
				EE45EB09248923D700D805C7 /* AvacadoApp.app */,
			);
			name = Products;
			sourceTree = "<group>";
		};
		EE45EB0B248923D700D805C7 /* AvacadoApp */ = {
			isa = PBXGroup;
			children = (
				EE45EB2224892E7400D805C7 /* View */,
				EE45EB2124892E6E00D805C7 /* Model */,
				EE45EB2024892E6400D805C7 /* Data */,
				EE45EB0C248923D700D805C7 /* AppDelegate.swift */,
				EE45EB0E248923D700D805C7 /* SceneDelegate.swift */,
				EE45EB12248923D900D805C7 /* Assets.xcassets */,
				EE45EB17248923D900D805C7 /* LaunchScreen.storyboard */,
				EE45EB1A248923D900D805C7 /* Info.plist */,
				EE45EB14248923D900D805C7 /* Preview Content */,
			);
			path = AvacadoApp;
			sourceTree = "<group>";
		};
		EE45EB14248923D900D805C7 /* Preview Content */ = {
			isa = PBXGroup;
			children = (
				EE45EB15248923D900D805C7 /* Preview Assets.xcassets */,
			);
			path = "Preview Content";
			sourceTree = "<group>";
		};
		EE45EB2024892E6400D805C7 /* Data */ = {
			isa = PBXGroup;
			children = (
				EEED99E524895AAA0030E917 /* HeaderData.swift */,
				EEED99ED248983120030E917 /* FactData.swift */,
				EEED99F1248A1B370030E917 /* RecipeData.swift */,
				EEED99FF248A6B730030E917 /* RipeningData.swift */,
			);
			path = Data;
			sourceTree = "<group>";
		};
		EE45EB2124892E6E00D805C7 /* Model */ = {
			isa = PBXGroup;
			children = (
				EEED99EB248982920030E917 /* FactModel.swift */,
				EEED99EF248A1AAB0030E917 /* RecipeModel.swift */,
				EEED99E324895A3A0030E917 /* HeaderModel.swift */,
				EEED99FD248A6B0B0030E917 /* RipeningModel.swift */,
			);
			path = Model;
			sourceTree = "<group>";
		};
		EE45EB2224892E7400D805C7 /* View */ = {
			isa = PBXGroup;
			children = (
				EE45EB10248923D700D805C7 /* ContentView.swift */,
				EE45EB2324892EBA00D805C7 /* AvacadosView.swift */,
				EE45EB2524892EDC00D805C7 /* RipeningStagesView.swift */,
				EE45EB2724892EFA00D805C7 /* SettingsView.swift */,
				EE45EB2924892F3D00D805C7 /* AppView.swift */,
				EEED99E12489527D0030E917 /* HeaderView.swift */,
				EEED99E7248972C30030E917 /* DishesView.swift */,
				EEED99E924897C9B0030E917 /* FactsView.swift */,
				EEED99F3248A1C010030E917 /* RecipeCardView.swift */,
				EEED99F5248A27960030E917 /* RecipeRatingView.swift */,
				EEED99F7248A280C0030E917 /* RecipeCookingView.swift */,
				EEED99F9248A294F0030E917 /* RecipeDetailView.swift */,
				EEED99FB248A44F90030E917 /* RipeningView.swift */,
			);
			path = View;
			sourceTree = "<group>";
		};
/* End PBXGroup section */

/* Begin PBXNativeTarget section */
		EE45EB08248923D700D805C7 /* AvacadoApp */ = {
			isa = PBXNativeTarget;
			buildConfigurationList = EE45EB1D248923D900D805C7 /* Build configuration list for PBXNativeTarget "AvacadoApp" */;
			buildPhases = (
				EE45EB05248923D700D805C7 /* Sources */,
				EE45EB06248923D700D805C7 /* Frameworks */,
				EE45EB07248923D700D805C7 /* Resources */,
			);
			buildRules = (
			);
			dependencies = (
			);
			name = AvacadoApp;
			productName = AvacadoApp;
			productReference = EE45EB09248923D700D805C7 /* AvacadoApp.app */;
			productType = "com.apple.product-type.application";
		};
/* End PBXNativeTarget section */

/* Begin PBXProject section */
		EE45EB01248923D700D805C7 /* Project object */ = {
			isa = PBXProject;
			attributes = {
				LastSwiftUpdateCheck = 1140;
				LastUpgradeCheck = 1140;
				ORGANIZATIONNAME = ThinkX;
				TargetAttributes = {
					EE45EB08248923D700D805C7 = {
						CreatedOnToolsVersion = 11.4.1;
					};
				};
			};
			buildConfigurationList = EE45EB04248923D700D805C7 /* Build configuration list for PBXProject "AvacadoApp" */;
			compatibilityVersion = "Xcode 9.3";
			developmentRegion = en;
			hasScannedForEncodings = 0;
			knownRegions = (
				en,
				Base,
			);
			mainGroup = EE45EB00248923D700D805C7;
			productRefGroup = EE45EB0A248923D700D805C7 /* Products */;
			projectDirPath = "";
			projectRoot = "";
			targets = (
				EE45EB08248923D700D805C7 /* AvacadoApp */,
			);
		};
/* End PBXProject section */

/* Begin PBXResourcesBuildPhase section */
		EE45EB07248923D700D805C7 /* Resources */ = {
			isa = PBXResourcesBuildPhase;
			buildActionMask = 2147483647;
			files = (
				EE45EB19248923D900D805C7 /* LaunchScreen.storyboard in Resources */,
				EE45EB16248923D900D805C7 /* Preview Assets.xcassets in Resources */,
				EE45EB13248923D900D805C7 /* Assets.xcassets in Resources */,
			);
			runOnlyForDeploymentPostprocessing = 0;
		};
/* End PBXResourcesBuildPhase section */

/* Begin PBXSourcesBuildPhase section */
		EE45EB05248923D700D805C7 /* Sources */ = {
			isa = PBXSourcesBuildPhase;
			buildActionMask = 2147483647;
			files = (
				EE45EB0D248923D700D805C7 /* AppDelegate.swift in Sources */,
				EEED99E424895A3A0030E917 /* HeaderModel.swift in Sources */,
				EEED99F0248A1AAB0030E917 /* RecipeModel.swift in Sources */,
				EEED99EC248982920030E917 /* FactModel.swift in Sources */,
				EEED99F8248A280C0030E917 /* RecipeCookingView.swift in Sources */,
				EE45EB2624892EDC00D805C7 /* RipeningStagesView.swift in Sources */,
				EE45EB0F248923D700D805C7 /* SceneDelegate.swift in Sources */,
				EE45EB2A24892F3D00D805C7 /* AppView.swift in Sources */,
				EEED99F6248A27960030E917 /* RecipeRatingView.swift in Sources */,
				EEED9A00248A6B730030E917 /* RipeningData.swift in Sources */,
				EE45EB2824892EFA00D805C7 /* SettingsView.swift in Sources */,
				EE45EB2424892EBA00D805C7 /* AvacadosView.swift in Sources */,
				EEED99FA248A294F0030E917 /* RecipeDetailView.swift in Sources */,
				EEED99F4248A1C010030E917 /* RecipeCardView.swift in Sources */,
				EE45EB11248923D700D805C7 /* ContentView.swift in Sources */,
				EEED99EE248983120030E917 /* FactData.swift in Sources */,
				EEED99E8248972C30030E917 /* DishesView.swift in Sources */,
				EEED99FC248A44F90030E917 /* RipeningView.swift in Sources */,
				EEED99FE248A6B0B0030E917 /* RipeningModel.swift in Sources */,
				EEED99E624895AAA0030E917 /* HeaderData.swift in Sources */,
				EEED99F2248A1B370030E917 /* RecipeData.swift in Sources */,
				EEED99EA24897C9B0030E917 /* FactsView.swift in Sources */,
				EEED99E22489527D0030E917 /* HeaderView.swift in Sources */,
			);
			runOnlyForDeploymentPostprocessing = 0;
		};
/* End PBXSourcesBuildPhase section */

/* Begin PBXVariantGroup section */
		EE45EB17248923D900D805C7 /* LaunchScreen.storyboard */ = {
			isa = PBXVariantGroup;
			children = (
				EE45EB18248923D900D805C7 /* Base */,
			);
			name = LaunchScreen.storyboard;
			sourceTree = "<group>";
		};
/* End PBXVariantGroup section */

/* Begin XCBuildConfiguration section */
		EE45EB1B248923D900D805C7 /* Debug */ = {
			isa = XCBuildConfiguration;
			buildSettings = {
				ALWAYS_SEARCH_USER_PATHS = NO;
				CLANG_ANALYZER_NONNULL = YES;
				CLANG_ANALYZER_NUMBER_OBJECT_CONVERSION = YES_AGGRESSIVE;
				CLANG_CXX_LANGUAGE_STANDARD = "gnu++14";
				CLANG_CXX_LIBRARY = "libc++";
				CLANG_ENABLE_MODULES = YES;
				CLANG_ENABLE_OBJC_ARC = YES;
				CLANG_ENABLE_OBJC_WEAK = YES;
				CLANG_WARN_BLOCK_CAPTURE_AUTORELEASING = YES;
				CLANG_WARN_BOOL_CONVERSION = YES;
				CLANG_WARN_COMMA = YES;
				CLANG_WARN_CONSTANT_CONVERSION = YES;
				CLANG_WARN_DEPRECATED_OBJC_IMPLEMENTATIONS = YES;
				CLANG_WARN_DIRECT_OBJC_ISA_USAGE = YES_ERROR;
				CLANG_WARN_DOCUMENTATION_COMMENTS = YES;
				CLANG_WARN_EMPTY_BODY = YES;
				CLANG_WARN_ENUM_CONVERSION = YES;
				CLANG_WARN_INFINITE_RECURSION = YES;
				CLANG_WARN_INT_CONVERSION = YES;
				CLANG_WARN_NON_LITERAL_NULL_CONVERSION = YES;
				CLANG_WARN_OBJC_IMPLICIT_RETAIN_SELF = YES;
				CLANG_WARN_OBJC_LITERAL_CONVERSION = YES;
				CLANG_WARN_OBJC_ROOT_CLASS = YES_ERROR;
				CLANG_WARN_RANGE_LOOP_ANALYSIS = YES;
				CLANG_WARN_STRICT_PROTOTYPES = YES;
				CLANG_WARN_SUSPICIOUS_MOVE = YES;
				CLANG_WARN_UNGUARDED_AVAILABILITY = YES_AGGRESSIVE;
				CLANG_WARN_UNREACHABLE_CODE = YES;
				CLANG_WARN__DUPLICATE_METHOD_MATCH = YES;
				COPY_PHASE_STRIP = NO;
				DEBUG_INFORMATION_FORMAT = dwarf;
				ENABLE_STRICT_OBJC_MSGSEND = YES;
				ENABLE_TESTABILITY = YES;
				GCC_C_LANGUAGE_STANDARD = gnu11;
				GCC_DYNAMIC_NO_PIC = NO;
				GCC_NO_COMMON_BLOCKS = YES;
				GCC_OPTIMIZATION_LEVEL = 0;
				GCC_PREPROCESSOR_DEFINITIONS = (
					"DEBUG=1",
					"$(inherited)",
				);
				GCC_WARN_64_TO_32_BIT_CONVERSION = YES;
				GCC_WARN_ABOUT_RETURN_TYPE = YES_ERROR;
				GCC_WARN_UNDECLARED_SELECTOR = YES;
				GCC_WARN_UNINITIALIZED_AUTOS = YES_AGGRESSIVE;
				GCC_WARN_UNUSED_FUNCTION = YES;
				GCC_WARN_UNUSED_VARIABLE = YES;
				IPHONEOS_DEPLOYMENT_TARGET = 13.4;
				MTL_ENABLE_DEBUG_INFO = INCLUDE_SOURCE;
				MTL_FAST_MATH = YES;
				ONLY_ACTIVE_ARCH = YES;
				SDKROOT = iphoneos;
				SWIFT_ACTIVE_COMPILATION_CONDITIONS = DEBUG;
				SWIFT_OPTIMIZATION_LEVEL = "-Onone";
			};
			name = Debug;
		};
		EE45EB1C248923D900D805C7 /* Release */ = {
			isa = XCBuildConfiguration;
			buildSettings = {
				ALWAYS_SEARCH_USER_PATHS = NO;
				CLANG_ANALYZER_NONNULL = YES;
				CLANG_ANALYZER_NUMBER_OBJECT_CONVERSION = YES_AGGRESSIVE;
				CLANG_CXX_LANGUAGE_STANDARD = "gnu++14";
				CLANG_CXX_LIBRARY = "libc++";
				CLANG_ENABLE_MODULES = YES;
				CLANG_ENABLE_OBJC_ARC = YES;
				CLANG_ENABLE_OBJC_WEAK = YES;
				CLANG_WARN_BLOCK_CAPTURE_AUTORELEASING = YES;
				CLANG_WARN_BOOL_CONVERSION = YES;
				CLANG_WARN_COMMA = YES;
				CLANG_WARN_CONSTANT_CONVERSION = YES;
				CLANG_WARN_DEPRECATED_OBJC_IMPLEMENTATIONS = YES;
				CLANG_WARN_DIRECT_OBJC_ISA_USAGE = YES_ERROR;
				CLANG_WARN_DOCUMENTATION_COMMENTS = YES;
				CLANG_WARN_EMPTY_BODY = YES;
				CLANG_WARN_ENUM_CONVERSION = YES;
				CLANG_WARN_INFINITE_RECURSION = YES;
				CLANG_WARN_INT_CONVERSION = YES;
				CLANG_WARN_NON_LITERAL_NULL_CONVERSION = YES;
				CLANG_WARN_OBJC_IMPLICIT_RETAIN_SELF = YES;
				CLANG_WARN_OBJC_LITERAL_CONVERSION = YES;
				CLANG_WARN_OBJC_ROOT_CLASS = YES_ERROR;
				CLANG_WARN_RANGE_LOOP_ANALYSIS = YES;
				CLANG_WARN_STRICT_PROTOTYPES = YES;
				CLANG_WARN_SUSPICIOUS_MOVE = YES;
				CLANG_WARN_UNGUARDED_AVAILABILITY = YES_AGGRESSIVE;
				CLANG_WARN_UNREACHABLE_CODE = YES;
				CLANG_WARN__DUPLICATE_METHOD_MATCH = YES;
				COPY_PHASE_STRIP = NO;
				DEBUG_INFORMATION_FORMAT = "dwarf-with-dsym";
				ENABLE_NS_ASSERTIONS = NO;
				ENABLE_STRICT_OBJC_MSGSEND = YES;
				GCC_C_LANGUAGE_STANDARD = gnu11;
				GCC_NO_COMMON_BLOCKS = YES;
				GCC_WARN_64_TO_32_BIT_CONVERSION = YES;
				GCC_WARN_ABOUT_RETURN_TYPE = YES_ERROR;
				GCC_WARN_UNDECLARED_SELECTOR = YES;
				GCC_WARN_UNINITIALIZED_AUTOS = YES_AGGRESSIVE;
				GCC_WARN_UNUSED_FUNCTION = YES;
				GCC_WARN_UNUSED_VARIABLE = YES;
				IPHONEOS_DEPLOYMENT_TARGET = 13.4;
				MTL_ENABLE_DEBUG_INFO = NO;
				MTL_FAST_MATH = YES;
				SDKROOT = iphoneos;
				SWIFT_COMPILATION_MODE = wholemodule;
				SWIFT_OPTIMIZATION_LEVEL = "-O";
				VALIDATE_PRODUCT = YES;
			};
			name = Release;
		};
		EE45EB1E248923D900D805C7 /* Debug */ = {
			isa = XCBuildConfiguration;
			buildSettings = {
				ASSETCATALOG_COMPILER_APPICON_NAME = AppIcon;
				CODE_SIGN_STYLE = Automatic;
				DEVELOPMENT_ASSET_PATHS = "\"AvacadoApp/Preview Content\"";
				DEVELOPMENT_TEAM = JBK837HF7X;
				ENABLE_PREVIEWS = YES;
				INFOPLIST_FILE = AvacadoApp/Info.plist;
				LD_RUNPATH_SEARCH_PATHS = (
					"$(inherited)",
					"@executable_path/Frameworks",
				);
				PRODUCT_BUNDLE_IDENTIFIER = com.harshitgajjar.AvacadoApp;
				PRODUCT_NAME = "$(TARGET_NAME)";
				SWIFT_VERSION = 5.0;
				TARGETED_DEVICE_FAMILY = "1,2";
			};
			name = Debug;
		};
		EE45EB1F248923D900D805C7 /* Release */ = {
			isa = XCBuildConfiguration;
			buildSettings = {
				ASSETCATALOG_COMPILER_APPICON_NAME = AppIcon;
				CODE_SIGN_STYLE = Automatic;
				DEVELOPMENT_ASSET_PATHS = "\"AvacadoApp/Preview Content\"";
				DEVELOPMENT_TEAM = JBK837HF7X;
				ENABLE_PREVIEWS = YES;
				INFOPLIST_FILE = AvacadoApp/Info.plist;
				LD_RUNPATH_SEARCH_PATHS = (
					"$(inherited)",
					"@executable_path/Frameworks",
				);
				PRODUCT_BUNDLE_IDENTIFIER = com.harshitgajjar.AvacadoApp;
				PRODUCT_NAME = "$(TARGET_NAME)";
				SWIFT_VERSION = 5.0;
				TARGETED_DEVICE_FAMILY = "1,2";
			};
			name = Release;
		};
/* End XCBuildConfiguration section */

/* Begin XCConfigurationList section */
		EE45EB04248923D700D805C7 /* Build configuration list for PBXProject "AvacadoApp" */ = {
			isa = XCConfigurationList;
			buildConfigurations = (
				EE45EB1B248923D900D805C7 /* Debug */,
				EE45EB1C248923D900D805C7 /* Release */,
			);
			defaultConfigurationIsVisible = 0;
			defaultConfigurationName = Release;
		};
		EE45EB1D248923D900D805C7 /* Build configuration list for PBXNativeTarget "AvacadoApp" */ = {
			isa = XCConfigurationList;
			buildConfigurations = (
				EE45EB1E248923D900D805C7 /* Debug */,
				EE45EB1F248923D900D805C7 /* Release */,
			);
			defaultConfigurationIsVisible = 0;
			defaultConfigurationName = Release;
		};
/* End XCConfigurationList section */
	};
	rootObject = EE45EB01248923D700D805C7 /* Project object */;
}
